
Microsoft Visual Studio Solution File, Format Version 12.00
# Visual Studio Version 16
VisualStudioVersion = 16.0.30523.141
MinimumVisualStudioVersion = 10.0.40219.1
Project("{FAE04EC0-301F-11D3-BF4B-00C04F79EFBC}") = "Mihai_Andreea_Lab6", "Mihai_Andreea_Lab6.csproj", "{3EEF53AA-8342-4C4D-8B7C-CC1AEB5CA0AF}"
EndProject
Global
	GlobalSection(SolutionConfigurationPlatforms) = preSolution
		Debug|Any CPU = Debug|Any CPU
		Release|Any CPU = Release|Any CPU
	EndGlobalSection
	GlobalSection(ProjectConfigurationPlatforms) = postSolution
		{3EEF53AA-8342-4C4D-8B7C-CC1AEB5CA0AF}.Debug|Any CPU.ActiveCfg = Debug|Any CPU
		{3EEF53AA-8342-4C4D-8B7C-CC1AEB5CA0AF}.Debug|Any CPU.Build.0 = Debug|Any CPU
		{3EEF53AA-8342-4C4D-8B7C-CC1AEB5CA0AF}.Release|Any CPU.ActiveCfg = Release|Any CPU
		{3EEF53AA-8342-4C4D-8B7C-CC1AEB5CA0AF}.Release|Any CPU.Build.0 = Release|Any CPU
	EndGlobalSection
	GlobalSection(SolutionProperties) = preSolution
		HideSolutionNode = FALSE
	EndGlobalSection
	GlobalSection(ExtensibilityGlobals) = postSolution
		SolutionGuid = {5D10FEDA-784A-4A31-A27E-3E29CBEF58F5}
	EndGlobalSection
EndGlobal
